
Microsoft Visual Studio Solution File, Format Version 12.00
# Visual Studio Version 17
VisualStudioVersion = 17.5.33502.453
MinimumVisualStudioVersion = 10.0.40219.1
Project("{FAE04EC0-301F-11D3-BF4B-00C04F79EFBC}") = "WebTest", "WebTest\WebTest.csproj", "{771E2A59-730E-419D-9D0A-CD92D785D662}"
EndProject
Global
	GlobalSection(SolutionConfigurationPlatforms) = preSolution
		Debug|Any CPU = Debug|Any CPU
		Release|Any CPU = Release|Any CPU
	EndGlobalSection
	GlobalSection(ProjectConfigurationPlatforms) = postSolution
		{771E2A59-730E-419D-9D0A-CD92D785D662}.Debug|Any CPU.ActiveCfg = Debug|Any CPU
		{771E2A59-730E-419D-9D0A-CD92D785D662}.Debug|Any CPU.Build.0 = Debug|Any CPU
		{771E2A59-730E-419D-9D0A-CD92D785D662}.Release|Any CPU.ActiveCfg = Release|Any CPU
		{771E2A59-730E-419D-9D0A-CD92D785D662}.Release|Any CPU.Build.0 = Release|Any CPU
	EndGlobalSection
	GlobalSection(SolutionProperties) = preSolution
		HideSolutionNode = FALSE
	EndGlobalSection
	GlobalSection(ExtensibilityGlobals) = postSolution
		SolutionGuid = {D08477CE-0A9B-4993-AE3B-F8E569707EB8}
	EndGlobalSection
EndGlobal
